
Microsoft Visual Studio Solution File, Format Version 12.00
# Visual Studio Version 16
VisualStudioVersion = 16.0.30503.244
MinimumVisualStudioVersion = 10.0.40219.1
Project("{8BC9CEB8-8B4A-11D0-8D11-00A0C91BC942}") = "16_09_2021_homework1and2", "16_09_2021_homework1\16_09_2021_homework1.vcxproj", "{47EE97AF-5202-48B2-BEEA-CA5D0C910735}"
EndProject
Project("{8BC9CEB8-8B4A-11D0-8D11-00A0C91BC942}") = "23_09_21_homework3", "23_09_21_homework3\23_09_21_homework3.vcxproj", "{6BFB7BA2-8CE7-4042-BA96-63CCBB6E6360}"
EndProject
Project("{8BC9CEB8-8B4A-11D0-8D11-00A0C91BC942}") = "30_09_21_Subscriber", "30_09_21_Subscriber\30_09_21_Subscriber.vcxproj", "{1F2C5711-3047-4FD5-9C91-0B2A1EBD2A0E}"
EndProject
Project("{8BC9CEB8-8B4A-11D0-8D11-00A0C91BC942}") = "21_10_21_vector", "21_10_21_vector\21_10_21_vector.vcxproj", "{47CEC5FD-7EEE-4416-ABCB-678E158F4F90}"
EndProject
Project("{8BC9CEB8-8B4A-11D0-8D11-00A0C91BC942}") = "10_11_21_polish", "10_11_21_polish\10_11_21_polish.vcxproj", "{B4AAB5FB-EA58-41A1-A865-671E86DD0E0B}"
EndProject
Project("{8BC9CEB8-8B4A-11D0-8D11-00A0C91BC942}") = "18_11_21_BTree", "18_11_21_tree\18_11_21_tree.vcxproj", "{2CF0D9DA-59ED-4616-B62D-8FB657074A34}"
EndProject
Project("{8BC9CEB8-8B4A-11D0-8D11-00A0C91BC942}") = "japanese_mosaic", "japanese_mosaic\japanese_mosaic.vcxproj", "{FA955C25-10EE-405E-9047-5DCBE42D96E3}"
EndProject
Project("{8BC9CEB8-8B4A-11D0-8D11-00A0C91BC942}") = "17_02_22_set", "set\set.vcxproj", "{B7CCCDE6-7527-4D63-9DA3-881FD5597DBF}"
EndProject
Project("{8BC9CEB8-8B4A-11D0-8D11-00A0C91BC942}") = "23_02_2022_map", "23_02_2022_map\23_02_2022_map.vcxproj", "{2DF8F150-F1C6-4474-98FF-EAFF44DF949E}"
EndProject
Project("{8BC9CEB8-8B4A-11D0-8D11-00A0C91BC942}") = "27_02_22_parallel_sections", "27_02_22_parallel_sections\27_02_22_parallel_sections.vcxproj", "{D98DCAD4-05C6-4C62-8866-75E177A990AC}"
EndProject
Global
	GlobalSection(SolutionConfigurationPlatforms) = preSolution
		Debug|x64 = Debug|x64
		Debug|x86 = Debug|x86
		Release|x64 = Release|x64
		Release|x86 = Release|x86
	EndGlobalSection
	GlobalSection(ProjectConfigurationPlatforms) = postSolution
		{47EE97AF-5202-48B2-BEEA-CA5D0C910735}.Debug|x64.ActiveCfg = Debug|x64
		{47EE97AF-5202-48B2-BEEA-CA5D0C910735}.Debug|x64.Build.0 = Debug|x64
		{47EE97AF-5202-48B2-BEEA-CA5D0C910735}.Debug|x86.ActiveCfg = Debug|Win32
		{47EE97AF-5202-48B2-BEEA-CA5D0C910735}.Debug|x86.Build.0 = Debug|Win32
		{47EE97AF-5202-48B2-BEEA-CA5D0C910735}.Release|x64.ActiveCfg = Release|x64
		{47EE97AF-5202-48B2-BEEA-CA5D0C910735}.Release|x64.Build.0 = Release|x64
		{47EE97AF-5202-48B2-BEEA-CA5D0C910735}.Release|x86.ActiveCfg = Release|Win32
		{47EE97AF-5202-48B2-BEEA-CA5D0C910735}.Release|x86.Build.0 = Release|Win32
		{6BFB7BA2-8CE7-4042-BA96-63CCBB6E6360}.Debug|x64.ActiveCfg = Debug|x64
		{6BFB7BA2-8CE7-4042-BA96-63CCBB6E6360}.Debug|x64.Build.0 = Debug|x64
		{6BFB7BA2-8CE7-4042-BA96-63CCBB6E6360}.Debug|x86.ActiveCfg = Debug|Win32
		{6BFB7BA2-8CE7-4042-BA96-63CCBB6E6360}.Debug|x86.Build.0 = Debug|Win32
		{6BFB7BA2-8CE7-4042-BA96-63CCBB6E6360}.Release|x64.ActiveCfg = Release|x64
		{6BFB7BA2-8CE7-4042-BA96-63CCBB6E6360}.Release|x64.Build.0 = Release|x64
		{6BFB7BA2-8CE7-4042-BA96-63CCBB6E6360}.Release|x86.ActiveCfg = Release|Win32
		{6BFB7BA2-8CE7-4042-BA96-63CCBB6E6360}.Release|x86.Build.0 = Release|Win32
		{1F2C5711-3047-4FD5-9C91-0B2A1EBD2A0E}.Debug|x64.ActiveCfg = Debug|x64
		{1F2C5711-3047-4FD5-9C91-0B2A1EBD2A0E}.Debug|x64.Build.0 = Debug|x64
		{1F2C5711-3047-4FD5-9C91-0B2A1EBD2A0E}.Debug|x86.ActiveCfg = Debug|Win32
		{1F2C5711-3047-4FD5-9C91-0B2A1EBD2A0E}.Debug|x86.Build.0 = Debug|Win32
		{1F2C5711-3047-4FD5-9C91-0B2A1EBD2A0E}.Release|x64.ActiveCfg = Release|x64
		{1F2C5711-3047-4FD5-9C91-0B2A1EBD2A0E}.Release|x64.Build.0 = Release|x64
		{1F2C5711-3047-4FD5-9C91-0B2A1EBD2A0E}.Release|x86.ActiveCfg = Release|Win32
		{1F2C5711-3047-4FD5-9C91-0B2A1EBD2A0E}.Release|x86.Build.0 = Release|Win32
		{47CEC5FD-7EEE-4416-ABCB-678E158F4F90}.Debug|x64.ActiveCfg = Debug|x64
		{47CEC5FD-7EEE-4416-ABCB-678E158F4F90}.Debug|x64.Build.0 = Debug|x64
		{47CEC5FD-7EEE-4416-ABCB-678E158F4F90}.Debug|x86.ActiveCfg = Debug|Win32
		{47CEC5FD-7EEE-4416-ABCB-678E158F4F90}.Debug|x86.Build.0 = Debug|Win32
		{47CEC5FD-7EEE-4416-ABCB-678E158F4F90}.Release|x64.ActiveCfg = Release|x64
		{47CEC5FD-7EEE-4416-ABCB-678E158F4F90}.Release|x64.Build.0 = Release|x64
		{47CEC5FD-7EEE-4416-ABCB-678E158F4F90}.Release|x86.ActiveCfg = Release|Win32
		{47CEC5FD-7EEE-4416-ABCB-678E158F4F90}.Release|x86.Build.0 = Release|Win32
		{B4AAB5FB-EA58-41A1-A865-671E86DD0E0B}.Debug|x64.ActiveCfg = Debug|x64
		{B4AAB5FB-EA58-41A1-A865-671E86DD0E0B}.Debug|x64.Build.0 = Debug|x64
		{B4AAB5FB-EA58-41A1-A865-671E86DD0E0B}.Debug|x86.ActiveCfg = Debug|Win32
		{B4AAB5FB-EA58-41A1-A865-671E86DD0E0B}.Debug|x86.Build.0 = Debug|Win32
		{B4AAB5FB-EA58-41A1-A865-671E86DD0E0B}.Release|x64.ActiveCfg = Release|x64
		{B4AAB5FB-EA58-41A1-A865-671E86DD0E0B}.Release|x64.Build.0 = Release|x64
		{B4AAB5FB-EA58-41A1-A865-671E86DD0E0B}.Release|x86.ActiveCfg = Release|Win32
		{B4AAB5FB-EA58-41A1-A865-671E86DD0E0B}.Release|x86.Build.0 = Release|Win32
		{2CF0D9DA-59ED-4616-B62D-8FB657074A34}.Debug|x64.ActiveCfg = Debug|x64
		{2CF0D9DA-59ED-4616-B62D-8FB657074A34}.Debug|x64.Build.0 = Debug|x64
		{2CF0D9DA-59ED-4616-B62D-8FB657074A34}.Debug|x86.ActiveCfg = Debug|Win32
		{2CF0D9DA-59ED-4616-B62D-8FB657074A34}.Debug|x86.Build.0 = Debug|Win32
		{2CF0D9DA-59ED-4616-B62D-8FB657074A34}.Release|x64.ActiveCfg = Release|x64
		{2CF0D9DA-59ED-4616-B62D-8FB657074A34}.Release|x64.Build.0 = Release|x64
		{2CF0D9DA-59ED-4616-B62D-8FB657074A34}.Release|x86.ActiveCfg = Release|Win32
		{2CF0D9DA-59ED-4616-B62D-8FB657074A34}.Release|x86.Build.0 = Release|Win32
		{FA955C25-10EE-405E-9047-5DCBE42D96E3}.Debug|x64.ActiveCfg = Debug|x64
		{FA955C25-10EE-405E-9047-5DCBE42D96E3}.Debug|x64.Build.0 = Debug|x64
		{FA955C25-10EE-405E-9047-5DCBE42D96E3}.Debug|x86.ActiveCfg = Debug|Win32
		{FA955C25-10EE-405E-9047-5DCBE42D96E3}.Debug|x86.Build.0 = Debug|Win32
		{FA955C25-10EE-405E-9047-5DCBE42D96E3}.Release|x64.ActiveCfg = Release|x64
		{FA955C25-10EE-405E-9047-5DCBE42D96E3}.Release|x64.Build.0 = Release|x64
		{FA955C25-10EE-405E-9047-5DCBE42D96E3}.Release|x86.ActiveCfg = Release|Win32
		{FA955C25-10EE-405E-9047-5DCBE42D96E3}.Release|x86.Build.0 = Release|Win32
		{B7CCCDE6-7527-4D63-9DA3-881FD5597DBF}.Debug|x64.ActiveCfg = Debug|x64
		{B7CCCDE6-7527-4D63-9DA3-881FD5597DBF}.Debug|x64.Build.0 = Debug|x64
		{B7CCCDE6-7527-4D63-9DA3-881FD5597DBF}.Debug|x86.ActiveCfg = Debug|Win32
		{B7CCCDE6-7527-4D63-9DA3-881FD5597DBF}.Debug|x86.Build.0 = Debug|Win32
		{B7CCCDE6-7527-4D63-9DA3-881FD5597DBF}.Release|x64.ActiveCfg = Release|x64
		{B7CCCDE6-7527-4D63-9DA3-881FD5597DBF}.Release|x64.Build.0 = Release|x64
		{B7CCCDE6-7527-4D63-9DA3-881FD5597DBF}.Release|x86.ActiveCfg = Release|Win32
		{B7CCCDE6-7527-4D63-9DA3-881FD5597DBF}.Release|x86.Build.0 = Release|Win32
		{2DF8F150-F1C6-4474-98FF-EAFF44DF949E}.Debug|x64.ActiveCfg = Debug|x64
		{2DF8F150-F1C6-4474-98FF-EAFF44DF949E}.Debug|x64.Build.0 = Debug|x64
		{2DF8F150-F1C6-4474-98FF-EAFF44DF949E}.Debug|x86.ActiveCfg = Debug|Win32
		{2DF8F150-F1C6-4474-98FF-EAFF44DF949E}.Debug|x86.Build.0 = Debug|Win32
		{2DF8F150-F1C6-4474-98FF-EAFF44DF949E}.Release|x64.ActiveCfg = Release|x64
		{2DF8F150-F1C6-4474-98FF-EAFF44DF949E}.Release|x64.Build.0 = Release|x64
		{2DF8F150-F1C6-4474-98FF-EAFF44DF949E}.Release|x86.ActiveCfg = Release|Win32
		{2DF8F150-F1C6-4474-98FF-EAFF44DF949E}.Release|x86.Build.0 = Release|Win32
		{D98DCAD4-05C6-4C62-8866-75E177A990AC}.Debug|x64.ActiveCfg = Debug|x64
		{D98DCAD4-05C6-4C62-8866-75E177A990AC}.Debug|x64.Build.0 = Debug|x64
		{D98DCAD4-05C6-4C62-8866-75E177A990AC}.Debug|x86.ActiveCfg = Debug|Win32
		{D98DCAD4-05C6-4C62-8866-75E177A990AC}.Debug|x86.Build.0 = Debug|Win32
		{D98DCAD4-05C6-4C62-8866-75E177A990AC}.Release|x64.ActiveCfg = Release|x64
		{D98DCAD4-05C6-4C62-8866-75E177A990AC}.Release|x64.Build.0 = Release|x64
		{D98DCAD4-05C6-4C62-8866-75E177A990AC}.Release|x86.ActiveCfg = Release|Win32
		{D98DCAD4-05C6-4C62-8866-75E177A990AC}.Release|x86.Build.0 = Release|Win32
	EndGlobalSection
	GlobalSection(SolutionProperties) = preSolution
		HideSolutionNode = FALSE
	EndGlobalSection
	GlobalSection(ExtensibilityGlobals) = postSolution
		SolutionGuid = {5A54414C-E09F-454B-89F3-9B93BE11498E}
	EndGlobalSection
EndGlobal
